{
  "lockfileVersion": 1,
  "configVersion": 1,
  "workspaces": {
    "": {
      "name": "karabiner-config",
      "devDependencies": {
        "karabiner.ts": "^1.36.0",
      },
    },
  },
  "packages": {
    "karabiner.ts": ["karabiner.ts@1.36.0", "", {}, "sha512-iXg3/yZ46XodUXu2+TrIkrtbR71UFXR1dhDwpF8R6vCgd5i2r2+H7evfwQZM970oPd04PWdJk5AhvJY/582M7Q=="],
  }
}
